
Microsoft Visual Studio Solution File, Format Version 12.00
# Visual Studio Version 16
VisualStudioVersion = 16.0.32126.315
MinimumVisualStudioVersion = 10.0.40219.1
Project("{8BC9CEB8-8B4A-11D0-8D11-00A0C91BC942}") = "DevOSAS_Philippovich_191-351", "DevOSAS_Philippovich_191-351.vcxproj", "{98E04226-5F8A-4B8A-971C-2A046945C7F2}"
EndProject
Global
	GlobalSection(SolutionConfigurationPlatforms) = preSolution
		Debug|ARM = Debug|ARM
		Debug|ARM64 = Debug|ARM64
		Debug|x64 = Debug|x64
		Debug|x86 = Debug|x86
		Release|ARM = Release|ARM
		Release|ARM64 = Release|ARM64
		Release|x64 = Release|x64
		Release|x86 = Release|x86
	EndGlobalSection
	GlobalSection(ProjectConfigurationPlatforms) = postSolution
		{98E04226-5F8A-4B8A-971C-2A046945C7F2}.Debug|ARM.ActiveCfg = Debug|ARM
		{98E04226-5F8A-4B8A-971C-2A046945C7F2}.Debug|ARM.Build.0 = Debug|ARM
		{98E04226-5F8A-4B8A-971C-2A046945C7F2}.Debug|ARM.Deploy.0 = Debug|ARM
		{98E04226-5F8A-4B8A-971C-2A046945C7F2}.Debug|ARM64.ActiveCfg = Debug|ARM64
		{98E04226-5F8A-4B8A-971C-2A046945C7F2}.Debug|ARM64.Build.0 = Debug|ARM64
		{98E04226-5F8A-4B8A-971C-2A046945C7F2}.Debug|ARM64.Deploy.0 = Debug|ARM64
		{98E04226-5F8A-4B8A-971C-2A046945C7F2}.Debug|x64.ActiveCfg = Debug|x64
		{98E04226-5F8A-4B8A-971C-2A046945C7F2}.Debug|x64.Build.0 = Debug|x64
		{98E04226-5F8A-4B8A-971C-2A046945C7F2}.Debug|x64.Deploy.0 = Debug|x64
		{98E04226-5F8A-4B8A-971C-2A046945C7F2}.Debug|x86.ActiveCfg = Debug|Win32
		{98E04226-5F8A-4B8A-971C-2A046945C7F2}.Debug|x86.Build.0 = Debug|Win32
		{98E04226-5F8A-4B8A-971C-2A046945C7F2}.Debug|x86.Deploy.0 = Debug|Win32
		{98E04226-5F8A-4B8A-971C-2A046945C7F2}.Release|ARM.ActiveCfg = Release|ARM
		{98E04226-5F8A-4B8A-971C-2A046945C7F2}.Release|ARM.Build.0 = Release|ARM
		{98E04226-5F8A-4B8A-971C-2A046945C7F2}.Release|ARM.Deploy.0 = Release|ARM
		{98E04226-5F8A-4B8A-971C-2A046945C7F2}.Release|ARM64.ActiveCfg = Release|ARM64
		{98E04226-5F8A-4B8A-971C-2A046945C7F2}.Release|ARM64.Build.0 = Release|ARM64
		{98E04226-5F8A-4B8A-971C-2A046945C7F2}.Release|ARM64.Deploy.0 = Release|ARM64
		{98E04226-5F8A-4B8A-971C-2A046945C7F2}.Release|x64.ActiveCfg = Release|x64
		{98E04226-5F8A-4B8A-971C-2A046945C7F2}.Release|x64.Build.0 = Release|x64
		{98E04226-5F8A-4B8A-971C-2A046945C7F2}.Release|x64.Deploy.0 = Release|x64
		{98E04226-5F8A-4B8A-971C-2A046945C7F2}.Release|x86.ActiveCfg = Release|Win32
		{98E04226-5F8A-4B8A-971C-2A046945C7F2}.Release|x86.Build.0 = Release|Win32
		{98E04226-5F8A-4B8A-971C-2A046945C7F2}.Release|x86.Deploy.0 = Release|Win32
	EndGlobalSection
	GlobalSection(SolutionProperties) = preSolution
		HideSolutionNode = FALSE
	EndGlobalSection
	GlobalSection(ExtensibilityGlobals) = postSolution
		SolutionGuid = {42202CAB-9C07-4BB7-9C5C-DE95CC0FC00D}
	EndGlobalSection
EndGlobal
